
Microsoft Visual Studio Solution File, Format Version 12.00
# Visual Studio Version 16
VisualStudioVersion = 16.0.31702.278
MinimumVisualStudioVersion = 10.0.40219.1
Project("{FAE04EC0-301F-11D3-BF4B-00C04F79EFBC}") = "GUIDGen", "GUIDGen\GUIDGen.csproj", "{510849CE-B423-4AF4-84F9-0B93900FB25B}"
EndProject
Project("{FAE04EC0-301F-11D3-BF4B-00C04F79EFBC}") = "Test", "Test\Test.csproj", "{EC455B75-87E6-4E29-8006-74155B90A36E}"
EndProject
Global
	GlobalSection(SolutionConfigurationPlatforms) = preSolution
		Debug|Any CPU = Debug|Any CPU
		Release|Any CPU = Release|Any CPU
	EndGlobalSection
	GlobalSection(ProjectConfigurationPlatforms) = postSolution
		{510849CE-B423-4AF4-84F9-0B93900FB25B}.Debug|Any CPU.ActiveCfg = Debug|Any CPU
		{510849CE-B423-4AF4-84F9-0B93900FB25B}.Debug|Any CPU.Build.0 = Debug|Any CPU
		{510849CE-B423-4AF4-84F9-0B93900FB25B}.Release|Any CPU.ActiveCfg = Release|Any CPU
		{510849CE-B423-4AF4-84F9-0B93900FB25B}.Release|Any CPU.Build.0 = Release|Any CPU
		{EC455B75-87E6-4E29-8006-74155B90A36E}.Debug|Any CPU.ActiveCfg = Debug|Any CPU
		{EC455B75-87E6-4E29-8006-74155B90A36E}.Debug|Any CPU.Build.0 = Debug|Any CPU
		{EC455B75-87E6-4E29-8006-74155B90A36E}.Release|Any CPU.ActiveCfg = Release|Any CPU
		{EC455B75-87E6-4E29-8006-74155B90A36E}.Release|Any CPU.Build.0 = Release|Any CPU
	EndGlobalSection
	GlobalSection(SolutionProperties) = preSolution
		HideSolutionNode = FALSE
	EndGlobalSection
	GlobalSection(ExtensibilityGlobals) = postSolution
		SolutionGuid = {E0A4EA29-5B07-404E-802D-E772B12312E7}
	EndGlobalSection
EndGlobal
